// !$*UTF8*$!
{
	archiveVersion = 1;
	classes = {
	};
	objectVersion = 46;
	objects = {

/* Begin PBXBuildFile section */
		91989C711778B86B00C1042D /* UIKit.framework in Frameworks */ = {isa = PBXBuildFile; fileRef = 91989C701778B86B00C1042D /* UIKit.framework */; };
		91989C731778B86B00C1042D /* Foundation.framework in Frameworks */ = {isa = PBXBuildFile; fileRef = 91989C721778B86B00C1042D /* Foundation.framework */; };
		91989C751778B86B00C1042D /* CoreGraphics.framework in Frameworks */ = {isa = PBXBuildFile; fileRef = 91989C741778B86B00C1042D /* CoreGraphics.framework */; };
		91989C7B1778B86B00C1042D /* InfoPlist.strings in Resources */ = {isa = PBXBuildFile; fileRef = 91989C791778B86B00C1042D /* InfoPlist.strings */; };
		91989C7D1778B86B00C1042D /* main.m in Sources */ = {isa = PBXBuildFile; fileRef = 91989C7C1778B86B00C1042D /* main.m */; };
		91989C811778B86B00C1042D /* InstaAddAppDelegate.m in Sources */ = {isa = PBXBuildFile; fileRef = 91989C801778B86B00C1042D /* InstaAddAppDelegate.m */; };
		91989C831778B86B00C1042D /* Default.png in Resources */ = {isa = PBXBuildFile; fileRef = 91989C821778B86B00C1042D /* Default.png */; };
		91989C851778B86B00C1042D /* Default@2x.png in Resources */ = {isa = PBXBuildFile; fileRef = 91989C841778B86B00C1042D /* Default@2x.png */; };
		91989C871778B86B00C1042D /* Default-568h@2x.png in Resources */ = {isa = PBXBuildFile; fileRef = 91989C861778B86B00C1042D /* Default-568h@2x.png */; };
		91989C8A1778B86B00C1042D /* MainStoryboard.storyboard in Resources */ = {isa = PBXBuildFile; fileRef = 91989C881778B86B00C1042D /* MainStoryboard.storyboard */; };
		91989C8D1778B86B00C1042D /* InstaAddViewController.m in Sources */ = {isa = PBXBuildFile; fileRef = 91989C8C1778B86B00C1042D /* InstaAddViewController.m */; };
/* End PBXBuildFile section */

/* Begin PBXFileReference section */
		91989C6D1778B86B00C1042D /* InstaAdd.app */ = {isa = PBXFileReference; explicitFileType = wrapper.application; includeInIndex = 0; path = InstaAdd.app; sourceTree = BUILT_PRODUCTS_DIR; };
		91989C701778B86B00C1042D /* UIKit.framework */ = {isa = PBXFileReference; lastKnownFileType = wrapper.framework; name = UIKit.framework; path = System/Library/Frameworks/UIKit.framework; sourceTree = SDKROOT; };
		91989C721778B86B00C1042D /* Foundation.framework */ = {isa = PBXFileReference; lastKnownFileType = wrapper.framework; name = Foundation.framework; path = System/Library/Frameworks/Foundation.framework; sourceTree = SDKROOT; };
		91989C741778B86B00C1042D /* CoreGraphics.framework */ = {isa = PBXFileReference; lastKnownFileType = wrapper.framework; name = CoreGraphics.framework; path = System/Library/Frameworks/CoreGraphics.framework; sourceTree = SDKROOT; };
		91989C781778B86B00C1042D /* InstaAdd-Info.plist */ = {isa = PBXFileReference; lastKnownFileType = text.plist.xml; path = "InstaAdd-Info.plist"; sourceTree = "<group>"; };
		91989C7A1778B86B00C1042D /* en */ = {isa = PBXFileReference; lastKnownFileType = text.plist.strings; name = en; path = en.lproj/InfoPlist.strings; sourceTree = "<group>"; };
		91989C7C1778B86B00C1042D /* main.m */ = {isa = PBXFileReference; lastKnownFileType = sourcecode.c.objc; path = main.m; sourceTree = "<group>"; };
		91989C7E1778B86B00C1042D /* InstaAdd-Prefix.pch */ = {isa = PBXFileReference; lastKnownFileType = sourcecode.c.h; path = "InstaAdd-Prefix.pch"; sourceTree = "<group>"; };
		91989C7F1778B86B00C1042D /* InstaAddAppDelegate.h */ = {isa = PBXFileReference; lastKnownFileType = sourcecode.c.h; path = InstaAddAppDelegate.h; sourceTree = "<group>"; };
		91989C801778B86B00C1042D /* InstaAddAppDelegate.m */ = {isa = PBXFileReference; lastKnownFileType = sourcecode.c.objc; path = InstaAddAppDelegate.m; sourceTree = "<group>"; };
		91989C821778B86B00C1042D /* Default.png */ = {isa = PBXFileReference; lastKnownFileType = image.png; path = Default.png; sourceTree = "<group>"; };
		91989C841778B86B00C1042D /* Default@2x.png */ = {isa = PBXFileReference; lastKnownFileType = image.png; path = "Default@2x.png"; sourceTree = "<group>"; };
		91989C861778B86B00C1042D /* Default-568h@2x.png */ = {isa = PBXFileReference; lastKnownFileType = image.png; path = "Default-568h@2x.png"; sourceTree = "<group>"; };
		91989C891778B86B00C1042D /* en */ = {isa = PBXFileReference; lastKnownFileType = file.storyboard; name = en; path = en.lproj/MainStoryboard.storyboard; sourceTree = "<group>"; };
		91989C8B1778B86B00C1042D /* InstaAddViewController.h */ = {isa = PBXFileReference; lastKnownFileType = sourcecode.c.h; path = InstaAddViewController.h; sourceTree = "<group>"; };
		91989C8C1778B86B00C1042D /* InstaAddViewController.m */ = {isa = PBXFileReference; lastKnownFileType = sourcecode.c.objc; path = InstaAddViewController.m; sourceTree = "<group>"; };
/* End PBXFileReference section */

/* Begin PBXFrameworksBuildPhase section */
		91989C6A1778B86B00C1042D /* Frameworks */ = {
			isa = PBXFrameworksBuildPhase;
			buildActionMask = 2147483647;
			files = (
				91989C711778B86B00C1042D /* UIKit.framework in Frameworks */,
				91989C731778B86B00C1042D /* Foundation.framework in Frameworks */,
				91989C751778B86B00C1042D /* CoreGraphics.framework in Frameworks */,
			);
			runOnlyForDeploymentPostprocessing = 0;
		};
/* End PBXFrameworksBuildPhase section */

/* Begin PBXGroup section */
		91989C641778B86B00C1042D = {
			isa = PBXGroup;
			children = (
				91989C761778B86B00C1042D /* InstaAdd */,
				91989C6F1778B86B00C1042D /* Frameworks */,
				91989C6E1778B86B00C1042D /* Products */,
			);
			sourceTree = "<group>";
		};
		91989C6E1778B86B00C1042D /* Products */ = {
			isa = PBXGroup;
			children = (
				91989C6D1778B86B00C1042D /* InstaAdd.app */,
			);
			name = Products;
			sourceTree = "<group>";
		};
		91989C6F1778B86B00C1042D /* Frameworks */ = {
			isa = PBXGroup;
			children = (
				91989C701778B86B00C1042D /* UIKit.framework */,
				91989C721778B86B00C1042D /* Foundation.framework */,
				91989C741778B86B00C1042D /* CoreGraphics.framework */,
			);
			name = Frameworks;
			sourceTree = "<group>";
		};
		91989C761778B86B00C1042D /* InstaAdd */ = {
			isa = PBXGroup;
			children = (
				91989C7F1778B86B00C1042D /* InstaAddAppDelegate.h */,
				91989C801778B86B00C1042D /* InstaAddAppDelegate.m */,
				91989C881778B86B00C1042D /* MainStoryboard.storyboard */,
				91989C8B1778B86B00C1042D /* InstaAddViewController.h */,
				91989C8C1778B86B00C1042D /* InstaAddViewController.m */,
				91989C771778B86B00C1042D /* Supporting Files */,
			);
			path = InstaAdd;
			sourceTree = "<group>";
		};
		91989C771778B86B00C1042D /* Supporting Files */ = {
			isa = PBXGroup;
			children = (
				91989C781778B86B00C1042D /* InstaAdd-Info.plist */,
				91989C791778B86B00C1042D /* InfoPlist.strings */,
				91989C7C1778B86B00C1042D /* main.m */,
				91989C7E1778B86B00C1042D /* InstaAdd-Prefix.pch */,
				91989C821778B86B00C1042D /* Default.png */,
				91989C841778B86B00C1042D /* Default@2x.png */,
				91989C861778B86B00C1042D /* Default-568h@2x.png */,
			);
			name = "Supporting Files";
			sourceTree = "<group>";
		};
/* End PBXGroup section */

/* Begin PBXNativeTarget section */
		91989C6C1778B86B00C1042D /* InstaAdd */ = {
			isa = PBXNativeTarget;
			buildConfigurationList = 91989C901778B86B00C1042D /* Build configuration list for PBXNativeTarget "InstaAdd" */;
			buildPhases = (
				91989C691778B86B00C1042D /* Sources */,
				91989C6A1778B86B00C1042D /* Frameworks */,
				91989C6B1778B86B00C1042D /* Resources */,
			);
			buildRules = (
			);
			dependencies = (
			);
			name = InstaAdd;
			productName = InstaAdd;
			productReference = 91989C6D1778B86B00C1042D /* InstaAdd.app */;
			productType = "com.apple.product-type.application";
		};
/* End PBXNativeTarget section */

/* Begin PBXProject section */
		91989C651778B86B00C1042D /* Project object */ = {
			isa = PBXProject;
			attributes = {
				CLASSPREFIX = InstaAdd;
				LastUpgradeCheck = 0460;
				ORGANIZATIONNAME = "Eduardo Sierra";
			};
			buildConfigurationList = 91989C681778B86B00C1042D /* Build configuration list for PBXProject "InstaAdd" */;
			compatibilityVersion = "Xcode 3.2";
			developmentRegion = English;
			hasScannedForEncodings = 0;
			knownRegions = (
				en,
			);
			mainGroup = 91989C641778B86B00C1042D;
			productRefGroup = 91989C6E1778B86B00C1042D /* Products */;
			projectDirPath = "";
			projectRoot = "";
			targets = (
				91989C6C1778B86B00C1042D /* InstaAdd */,
			);
		};
/* End PBXProject section */

/* Begin PBXResourcesBuildPhase section */
		91989C6B1778B86B00C1042D /* Resources */ = {
			isa = PBXResourcesBuildPhase;
			buildActionMask = 2147483647;
			files = (
				91989C7B1778B86B00C1042D /* InfoPlist.strings in Resources */,
				91989C831778B86B00C1042D /* Default.png in Resources */,
				91989C851778B86B00C1042D /* Default@2x.png in Resources */,
				91989C871778B86B00C1042D /* Default-568h@2x.png in Resources */,
				91989C8A1778B86B00C1042D /* MainStoryboard.storyboard in Resources */,
			);
			runOnlyForDeploymentPostprocessing = 0;
		};
/* End PBXResourcesBuildPhase section */

/* Begin PBXSourcesBuildPhase section */
		91989C691778B86B00C1042D /* Sources */ = {
			isa = PBXSourcesBuildPhase;
			buildActionMask = 2147483647;
			files = (
				91989C7D1778B86B00C1042D /* main.m in Sources */,
				91989C811778B86B00C1042D /* InstaAddAppDelegate.m in Sources */,
				91989C8D1778B86B00C1042D /* InstaAddViewController.m in Sources */,
			);
			runOnlyForDeploymentPostprocessing = 0;
		};
/* End PBXSourcesBuildPhase section */

/* Begin PBXVariantGroup section */
		91989C791778B86B00C1042D /* InfoPlist.strings */ = {
			isa = PBXVariantGroup;
			children = (
				91989C7A1778B86B00C1042D /* en */,
			);
			name = InfoPlist.strings;
			sourceTree = "<group>";
		};
		91989C881778B86B00C1042D /* MainStoryboard.storyboard */ = {
			isa = PBXVariantGroup;
			children = (
				91989C891778B86B00C1042D /* en */,
			);
			name = MainStoryboard.storyboard;
			sourceTree = "<group>";
		};
/* End PBXVariantGroup section */

/* Begin XCBuildConfiguration section */
		91989C8E1778B86B00C1042D /* Debug */ = {
			isa = XCBuildConfiguration;
			buildSettings = {
				ALWAYS_SEARCH_USER_PATHS = NO;
				CLANG_CXX_LANGUAGE_STANDARD = "gnu++0x";
				CLANG_CXX_LIBRARY = "libc++";
				CLANG_ENABLE_OBJC_ARC = YES;
				CLANG_WARN_CONSTANT_CONVERSION = YES;
				CLANG_WARN_EMPTY_BODY = YES;
				CLANG_WARN_ENUM_CONVERSION = YES;
				CLANG_WARN_INT_CONVERSION = YES;
				CLANG_WARN__DUPLICATE_METHOD_MATCH = YES;
				"CODE_SIGN_IDENTITY[sdk=iphoneos*]" = "iPhone Developer";
				COPY_PHASE_STRIP = NO;
				GCC_C_LANGUAGE_STANDARD = gnu99;
				GCC_DYNAMIC_NO_PIC = NO;
				GCC_OPTIMIZATION_LEVEL = 0;
				GCC_PREPROCESSOR_DEFINITIONS = (
					"DEBUG=1",
					"$(inherited)",
				);
				GCC_SYMBOLS_PRIVATE_EXTERN = NO;
				GCC_WARN_ABOUT_RETURN_TYPE = YES;
				GCC_WARN_UNINITIALIZED_AUTOS = YES;
				GCC_WARN_UNUSED_VARIABLE = YES;
				IPHONEOS_DEPLOYMENT_TARGET = 6.1;
				ONLY_ACTIVE_ARCH = YES;
				SDKROOT = iphoneos;
			};
			name = Debug;
		};
		91989C8F1778B86B00C1042D /* Release */ = {
			isa = XCBuildConfiguration;
			buildSettings = {
				ALWAYS_SEARCH_USER_PATHS = NO;
				CLANG_CXX_LANGUAGE_STANDARD = "gnu++0x";
				CLANG_CXX_LIBRARY = "libc++";
				CLANG_ENABLE_OBJC_ARC = YES;
				CLANG_WARN_CONSTANT_CONVERSION = YES;
				CLANG_WARN_EMPTY_BODY = YES;
				CLANG_WARN_ENUM_CONVERSION = YES;
				CLANG_WARN_INT_CONVERSION = YES;
				CLANG_WARN__DUPLICATE_METHOD_MATCH = YES;
				"CODE_SIGN_IDENTITY[sdk=iphoneos*]" = "iPhone Developer";
				COPY_PHASE_STRIP = YES;
				GCC_C_LANGUAGE_STANDARD = gnu99;
				GCC_WARN_ABOUT_RETURN_TYPE = YES;
				GCC_WARN_UNINITIALIZED_AUTOS = YES;
				GCC_WARN_UNUSED_VARIABLE = YES;
				IPHONEOS_DEPLOYMENT_TARGET = 6.1;
				OTHER_CFLAGS = "-DNS_BLOCK_ASSERTIONS=1";
				SDKROOT = iphoneos;
				VALIDATE_PRODUCT = YES;
			};
			name = Release;
		};
		91989C911778B86B00C1042D /* Debug */ = {
			isa = XCBuildConfiguration;
			buildSettings = {
				GCC_PRECOMPILE_PREFIX_HEADER = YES;
				GCC_PREFIX_HEADER = "InstaAdd/InstaAdd-Prefix.pch";
				INFOPLIST_FILE = "InstaAdd/InstaAdd-Info.plist";
				PRODUCT_NAME = "$(TARGET_NAME)";
				WRAPPER_EXTENSION = app;
			};
			name = Debug;
		};
		91989C921778B86B00C1042D /* Release */ = {
			isa = XCBuildConfiguration;
			buildSettings = {
				GCC_PRECOMPILE_PREFIX_HEADER = YES;
				GCC_PREFIX_HEADER = "InstaAdd/InstaAdd-Prefix.pch";
				INFOPLIST_FILE = "InstaAdd/InstaAdd-Info.plist";
				PRODUCT_NAME = "$(TARGET_NAME)";
				WRAPPER_EXTENSION = app;
			};
			name = Release;
		};
/* End XCBuildConfiguration section */

/* Begin XCConfigurationList section */
		91989C681778B86B00C1042D /* Build configuration list for PBXProject "InstaAdd" */ = {
			isa = XCConfigurationList;
			buildConfigurations = (
				91989C8E1778B86B00C1042D /* Debug */,
				91989C8F1778B86B00C1042D /* Release */,
			);
			defaultConfigurationIsVisible = 0;
			defaultConfigurationName = Release;
		};
		91989C901778B86B00C1042D /* Build configuration list for PBXNativeTarget "InstaAdd" */ = {
			isa = XCConfigurationList;
			buildConfigurations = (
				91989C911778B86B00C1042D /* Debug */,
				91989C921778B86B00C1042D /* Release */,
			);
			defaultConfigurationIsVisible = 0;
		};
/* End XCConfigurationList section */
	};
	rootObject = 91989C651778B86B00C1042D /* Project object */;
}
